{
  "name": "xtal-cascade",
  "version": "0.0.16",
  "lockfileVersion": 1,
  "requires": true,
  "dependencies": {
    "@material/animation": {
      "version": "0.40.1",
      "resolved": "https://registry.npmjs.org/@material/animation/-/animation-0.40.1.tgz",
      "integrity": "sha512-HtxFUw04EHg4S6pXfTA3Z0wKxnNDNcDhe1Np2Y2geo+lAk2Hb7m8yCL/GaL9o2I/eRYsgUXC0U7+Mk74GCz3zw=="
    },
    "@material/base": {
      "version": "0.40.1",
      "resolved": "https://registry.npmjs.org/@material/base/-/base-0.40.1.tgz",
      "integrity": "sha512-vrbOK8hONVCYgURQ9h7nkXvMdYnZVVNmAfFFijF8fbWQdwnoPcNTdqV6RoQlhBEqHYHQqLNfdUDlznAPKLclGQ=="
    },
    "@material/checkbox": {
      "version": "0.40.1",
      "resolved": "https://registry.npmjs.org/@material/checkbox/-/checkbox-0.40.1.tgz",
      "integrity": "sha512-MFa4L+7nccs8kGZLPCgZLAtdyYn1qsKZArRN3qW2wXfsiXBV5BU+UF0kiHULks1nWAVR8C+pGPdm0sfrJb7ipA==",
      "requires": {
        "@material/animation": "^0.40.1",
        "@material/base": "^0.40.1",
        "@material/ripple": "^0.40.1",
        "@material/rtl": "^0.40.1",
        "@material/selection-control": "^0.40.1",
        "@material/theme": "^0.40.1"
      }
    },
    "@material/mwc-base": {
      "version": "0.3.6",
      "resolved": "https://registry.npmjs.org/@material/mwc-base/-/mwc-base-0.3.6.tgz",
      "integrity": "sha512-DVwsTJYCMSgIXzh7yGdn0CW11qz7/QaimPGbQ1jo4zyV/aizbetpKwFlkJj9Ut45/cCqZMlXIU2valjoO0dU8g==",
      "requires": {
        "lit-element": "^2.0.0-rc.2",
        "lit-html": "^1.0.0-rc.2"
      }
    },
    "@material/mwc-checkbox": {
      "version": "0.3.6",
      "resolved": "https://registry.npmjs.org/@material/mwc-checkbox/-/mwc-checkbox-0.3.6.tgz",
      "integrity": "sha512-pdhYQhI3J9Y1XMdQ+bMvBX4MCyV76JhmD+NCXC3JErheq3dzWtjgk/lQUF9AaegooPpVwVBybQc2nUISte7U8w==",
      "requires": {
        "@material/checkbox": "^0.40.0",
        "@material/mwc-base": "^0.3.6",
        "@material/mwc-ripple": "^0.3.6"
      }
    },
    "@material/mwc-ripple": {
      "version": "0.3.6",
      "resolved": "https://registry.npmjs.org/@material/mwc-ripple/-/mwc-ripple-0.3.6.tgz",
      "integrity": "sha512-fCqIoHX5M7qW2iOitEIlJF0TBl1IhzHpXb1lroXBv1JlGGYWWSd5m+v7ZSJU3Apc8s/IkPsDDCk1vSHv6VyOwA==",
      "requires": {
        "@material/mwc-base": "^0.3.6",
        "@material/ripple": "^0.40.0",
        "lit-html": "^1.0.0"
      }
    },
    "@material/ripple": {
      "version": "0.40.1",
      "resolved": "https://registry.npmjs.org/@material/ripple/-/ripple-0.40.1.tgz",
      "integrity": "sha512-sndeTS4VHa0v1UGj7MNcxMCuO9LJ1DjoL1EjE6BH3Lm3M1MnXJHdsBo2CgPbU/FI84tt6+eyHGOYPdPrEDJhCA==",
      "requires": {
        "@material/animation": "^0.40.1",
        "@material/base": "^0.40.1",
        "@material/theme": "^0.40.1"
      }
    },
    "@material/rtl": {
      "version": "0.40.1",
      "resolved": "https://registry.npmjs.org/@material/rtl/-/rtl-0.40.1.tgz",
      "integrity": "sha512-Pk6Iw1/KrhWZoZtkDsPMDUW0bm7Z1zeXb3MTQRCFmjf1wU5cRxgOTtuoZLcJqlcKGppLAzJL/TJV3E7KEiuL0A=="
    },
    "@material/selection-control": {
      "version": "0.40.1",
      "resolved": "https://registry.npmjs.org/@material/selection-control/-/selection-control-0.40.1.tgz",
      "integrity": "sha512-BbCmSsRz4mTlBaaA5pmrSEL+F6BKR8hjwvo+XQBh8ICT3FbSGg7mhYwjpsQhNQ8J6l7bnh79VYxKGPY6XjSx6g==",
      "requires": {
        "@material/ripple": "^0.40.1"
      }
    },
    "@material/theme": {
      "version": "0.40.1",
      "resolved": "https://registry.npmjs.org/@material/theme/-/theme-0.40.1.tgz",
      "integrity": "sha512-cH1CsGIDisEQ2oroZhLTypV0Ir00x3WIwFXnPo7qv3832tuIDkZY623U3rUax6KNPz4Hh1j0tNpTwgrNZwvwWA=="
    },
    "@polymer/iron-a11y-keys-behavior": {
      "version": "3.0.1",
      "resolved": "https://registry.npmjs.org/@polymer/iron-a11y-keys-behavior/-/iron-a11y-keys-behavior-3.0.1.tgz",
      "integrity": "sha512-lnrjKq3ysbBPT/74l0Fj0U9H9C35Tpw2C/tpJ8a+5g8Y3YJs1WSZYnEl1yOkw6sEyaxOq/1DkzH0+60gGu5/PQ==",
      "requires": {
        "@polymer/polymer": "^3.0.0"
      }
    },
    "@polymer/iron-list": {
      "version": "3.0.2",
      "resolved": "https://registry.npmjs.org/@polymer/iron-list/-/iron-list-3.0.2.tgz",
      "integrity": "sha512-A6GMTx/4mWxGn3BC6weaXqRC7B0coNjgEoxwVbEcDNwovqntv0aWs5sT9+PI4zvV/syWL5rAESyJDvOxTatoEw==",
      "requires": {
        "@polymer/iron-a11y-keys-behavior": "^3.0.0-pre.26",
        "@polymer/iron-resizable-behavior": "^3.0.0-pre.26",
        "@polymer/iron-scroll-target-behavior": "^3.0.0-pre.26",
        "@polymer/polymer": "^3.0.0"
      }
    },
    "@polymer/iron-resizable-behavior": {
      "version": "3.0.1",
      "resolved": "https://registry.npmjs.org/@polymer/iron-resizable-behavior/-/iron-resizable-behavior-3.0.1.tgz",
      "integrity": "sha512-FyHxRxFspVoRaeZSWpT3y0C9awomb4tXXolIJcZ7RvXhMP632V5lez+ch5G5SwK0LpnAPkg35eB0LPMFv+YMMQ==",
      "requires": {
        "@polymer/polymer": "^3.0.0"
      }
    },
    "@polymer/iron-scroll-target-behavior": {
      "version": "3.0.1",
      "resolved": "https://registry.npmjs.org/@polymer/iron-scroll-target-behavior/-/iron-scroll-target-behavior-3.0.1.tgz",
      "integrity": "sha512-xg1WanG25BIkQE8rhuReqY9zx1K5M7F+YAIYpswEp5eyDIaZ1Y3vUmVeQ3KG+hiSugzI1M752azXN7kvyhOBcQ==",
      "requires": {
        "@polymer/polymer": "^3.0.0"
      }
    },
    "@polymer/polymer": {
      "version": "3.1.0",
      "resolved": "https://registry.npmjs.org/@polymer/polymer/-/polymer-3.1.0.tgz",
      "integrity": "sha512-hwN8IMERsFATz/9dSMxYHL+84J9uBkPuuarxJWlTsppZ4CAYTZKnepBfNrKoyNsafBmA3yXBiiKPPf+fJtza7A==",
      "requires": {
        "@webcomponents/shadycss": "^1.5.2"
      }
    },
    "@webcomponents/shadycss": {
      "version": "1.9.0",
      "resolved": "https://registry.npmjs.org/@webcomponents/shadycss/-/shadycss-1.9.0.tgz",
      "integrity": "sha512-g8Xa+6RSEME4g/wLJW4YII0eq15rvXp76RxPAuv7hx+Bdoi7GzZJ/EoZOUfyIbqAsQbII1TcWD4/+Xhs5NcM1w=="
    },
    "@webcomponents/webcomponentsjs": {
      "version": "2.2.7",
      "resolved": "https://registry.npmjs.org/@webcomponents/webcomponentsjs/-/webcomponentsjs-2.2.7.tgz",
      "integrity": "sha512-kPPjzV+5kpoWpTniyvBSPcXS33f3j/C6HvNOJ3YecF3pvz3XwVeU4ammbxtVy/osF3z7hr1DYNptIf4oPEvXZA==",
      "dev": true
    },
    "event-switch": {
      "version": "0.0.12",
      "resolved": "https://registry.npmjs.org/event-switch/-/event-switch-0.0.12.tgz",
      "integrity": "sha512-T4ZNewAhMsLkurklQwzznYsz7MHqhriwZHxYFLRHY+TfIbSTAOoB1IO4QibezD2D7HEdQnIb99v+eSV2N4KIbg=="
    },
    "if-diff": {
      "version": "0.0.20",
      "resolved": "https://registry.npmjs.org/if-diff/-/if-diff-0.0.20.tgz",
      "integrity": "sha512-kmTouJABBp+Vx0x43vLsRlWUWHujvZLynp6LvxZqXEuCpScjT2o6uHcF98aJYFMDn6oSMUDtqWPoxWMsH0YDkw==",
      "requires": {
        "xtal-latx": "0.0.88"
      }
    },
    "lit-element": {
      "version": "2.0.1",
      "resolved": "https://registry.npmjs.org/lit-element/-/lit-element-2.0.1.tgz",
      "integrity": "sha512-2bu3B2ZYUZgntvOgu3i5mRK8geo45CLUwxwJEYK54hyednoJasjiTZPB13NBg1D+hNM2JfmWTWJnh1QEUQv7zw==",
      "requires": {
        "lit-html": "^1.0.0"
      }
    },
    "lit-html": {
      "version": "1.0.0",
      "resolved": "https://registry.npmjs.org/lit-html/-/lit-html-1.0.0.tgz",
      "integrity": "sha512-oeWlpLmBW3gFl7979Wol2LKITpmKTUFNn7PnFbh6YNynF61W74l6x5WhwItAwPRSATpexaX1egNnRzlN4GOtfQ=="
    },
    "p-d.p-u": {
      "version": "0.0.106",
      "resolved": "https://registry.npmjs.org/p-d.p-u/-/p-d.p-u-0.0.106.tgz",
      "integrity": "sha512-coaoGjytw9RLPWC+gNlR6L83aTx4kI9kJUgj1jDbRCp3cNwrYmJdezdmBso8efqBV9nKrla194pHB6Q1sHZvjg==",
      "requires": {
        "xtal-element": "0.0.30"
      },
      "dependencies": {
        "trans-render": {
          "version": "0.0.62",
          "resolved": "https://registry.npmjs.org/trans-render/-/trans-render-0.0.62.tgz",
          "integrity": "sha512-RYWwPAiKEb0/hum1SsYN0dJMUcXnk/0htjJZqkq6LrlfgPwWvWfx+XKH0o4TSyTv82eJBUIX9zNZmGggl6Msbw=="
        },
        "xtal-element": {
          "version": "0.0.30",
          "resolved": "https://registry.npmjs.org/xtal-element/-/xtal-element-0.0.30.tgz",
          "integrity": "sha512-UbkTo+ImiYqk0hk9IEhKw38nXbyJY+TtSKIxXZJkPhFICPzMTnQG3irQskg7tW5aqkXj+NJgctQRbs+uNgbcqg==",
          "requires": {
            "event-switch": "0.0.12",
            "trans-render": "0.0.62"
          }
        }
      }
    },
    "trans-render": {
      "version": "0.0.82",
      "resolved": "https://registry.npmjs.org/trans-render/-/trans-render-0.0.82.tgz",
      "integrity": "sha512-40tM7Yj9+Re4qN8GUL6ejjTWljgMMhNH4IpMj996iX92M7QeQVSzeMBLfVjHMJ5Lt6xbyNbuTXa17TmOZAB74g==",
      "requires": {
        "xtal-latx": "0.0.88"
      }
    },
    "xtal-decorator": {
      "version": "0.0.41",
      "resolved": "https://registry.npmjs.org/xtal-decorator/-/xtal-decorator-0.0.41.tgz",
      "integrity": "sha512-e56Te4j2ndMqKt0wGfS6gl6GXUqRrhApbCR4+5nCWmnUWyuhVT6vvxZzQGWdDpKsZjQj9beffkvDlxjdQLmgGA==",
      "requires": {
        "trans-render": "0.0.78",
        "xtal-element": "0.0.29",
        "xtal-shell": "0.0.18"
      },
      "dependencies": {
        "trans-render": {
          "version": "0.0.78",
          "resolved": "https://registry.npmjs.org/trans-render/-/trans-render-0.0.78.tgz",
          "integrity": "sha512-fL3HFsPZavrEe5pAzhS2oScBW4OnBKm3i0uqaviXPpJYcoH8PTiPR4tTFeOFQvFL6RY1sCa5LYitbz0eBcPZjw==",
          "requires": {
            "xtal-latx": "0.0.88"
          }
        },
        "xtal-element": {
          "version": "0.0.29",
          "resolved": "https://registry.npmjs.org/xtal-element/-/xtal-element-0.0.29.tgz",
          "integrity": "sha512-u+IXDehC24Ic/rOSIMshn8yR1tzAMiJDy1afKmfZcoyRK3JYOTy8D/elFWXHupERwHQ7LPA2Jku+GMNUZnmLNA==",
          "requires": {
            "event-switch": "0.0.12",
            "trans-render": "0.0.62"
          },
          "dependencies": {
            "trans-render": {
              "version": "0.0.62",
              "resolved": "https://registry.npmjs.org/trans-render/-/trans-render-0.0.62.tgz",
              "integrity": "sha512-RYWwPAiKEb0/hum1SsYN0dJMUcXnk/0htjJZqkq6LrlfgPwWvWfx+XKH0o4TSyTv82eJBUIX9zNZmGggl6Msbw=="
            }
          }
        }
      }
    },
    "xtal-element": {
      "version": "0.0.34",
      "resolved": "https://registry.npmjs.org/xtal-element/-/xtal-element-0.0.34.tgz",
      "integrity": "sha512-4uyaDZX1ijGOzfXcWYb92v445KeOCRnk/HWbqOT2GgGCzy93NG+fA390DdGtE/fKBGtL03YlG5FwNkYBJw6+nA==",
      "requires": {
        "event-switch": "0.0.12",
        "trans-render": "0.0.82"
      }
    },
    "xtal-fetch": {
      "version": "0.0.57",
      "resolved": "https://registry.npmjs.org/xtal-fetch/-/xtal-fetch-0.0.57.tgz",
      "integrity": "sha512-dKekTLLEfSl++LturdgiNsS9cbu8zd0FRCw3PMgUnsvwH9VajHG69cLs/BQM0LFMUOl7JXkbh46IdzJ6yXKfvQ==",
      "requires": {
        "xtal-element": "0.0.30"
      },
      "dependencies": {
        "trans-render": {
          "version": "0.0.62",
          "resolved": "https://registry.npmjs.org/trans-render/-/trans-render-0.0.62.tgz",
          "integrity": "sha512-RYWwPAiKEb0/hum1SsYN0dJMUcXnk/0htjJZqkq6LrlfgPwWvWfx+XKH0o4TSyTv82eJBUIX9zNZmGggl6Msbw=="
        },
        "xtal-element": {
          "version": "0.0.30",
          "resolved": "https://registry.npmjs.org/xtal-element/-/xtal-element-0.0.30.tgz",
          "integrity": "sha512-UbkTo+ImiYqk0hk9IEhKw38nXbyJY+TtSKIxXZJkPhFICPzMTnQG3irQskg7tW5aqkXj+NJgctQRbs+uNgbcqg==",
          "requires": {
            "event-switch": "0.0.12",
            "trans-render": "0.0.62"
          }
        }
      }
    },
    "xtal-latx": {
      "version": "0.0.88",
      "resolved": "https://registry.npmjs.org/xtal-latx/-/xtal-latx-0.0.88.tgz",
      "integrity": "sha512-zkfvHGGKR5EeNbHKp5oMhNc9a8tl/IoxsxMlRqgEHjZ7rPW1zZFHn6Zdnhbq1NdWVVPhcw+9CbH/+5g+gExPjg=="
    },
    "xtal-shell": {
      "version": "0.0.18",
      "resolved": "https://registry.npmjs.org/xtal-shell/-/xtal-shell-0.0.18.tgz",
      "integrity": "sha512-gQDc8R37PckfM6uI8c8gqB+8GPhBTJcWkNPW4k6RJprWbw4siNkAA+h+6sOIyE4m0p0tf2IUiAABpGveJ/IWzw=="
    },
    "xtal-splitting": {
      "version": "0.0.9",
      "resolved": "https://registry.npmjs.org/xtal-splitting/-/xtal-splitting-0.0.9.tgz",
      "integrity": "sha512-EVsGTyrd0afaq2NTvGuAiL7G0+bi2uYJOaLo+XWb3rj09lpg1Yx1y1skXppE+wMyIqgemGQAiG4URdjisWWqaQ==",
      "requires": {
        "xtal-element": "0.0.30"
      },
      "dependencies": {
        "trans-render": {
          "version": "0.0.62",
          "resolved": "https://registry.npmjs.org/trans-render/-/trans-render-0.0.62.tgz",
          "integrity": "sha512-RYWwPAiKEb0/hum1SsYN0dJMUcXnk/0htjJZqkq6LrlfgPwWvWfx+XKH0o4TSyTv82eJBUIX9zNZmGggl6Msbw=="
        },
        "xtal-element": {
          "version": "0.0.30",
          "resolved": "https://registry.npmjs.org/xtal-element/-/xtal-element-0.0.30.tgz",
          "integrity": "sha512-UbkTo+ImiYqk0hk9IEhKw38nXbyJY+TtSKIxXZJkPhFICPzMTnQG3irQskg7tW5aqkXj+NJgctQRbs+uNgbcqg==",
          "requires": {
            "event-switch": "0.0.12",
            "trans-render": "0.0.62"
          }
        }
      }
    },
    "xtal-tree": {
      "version": "0.0.58",
      "resolved": "https://registry.npmjs.org/xtal-tree/-/xtal-tree-0.0.58.tgz",
      "integrity": "sha512-sJtgzR3179o1XN31nzt4dI7vkwQ3EYnMxoV6o4/Mib2ZtspsBtMQhQpIDsaGHPm4cP/oJ65Y+aj+U9wZgEDKuQ==",
      "requires": {
        "@polymer/iron-list": "3.0.2",
        "event-switch": "0.0.12",
        "if-diff": "0.0.20",
        "p-d.p-u": "0.0.106",
        "trans-render": "0.0.82",
        "xtal-decorator": "0.0.41",
        "xtal-element": "0.0.34",
        "xtal-fetch": "0.0.57",
        "xtal-splitting": "0.0.9"
      }
    }
  }
}
